<?xml version="1.0" encoding="utf-8"?>
<Project ToolsVersion="4.0" xmlns="http://schemas.microsoft.com/developer/msbuild/2003">
  <ItemGroup>
    <Filter Include="资源文件">
      <UniqueIdentifier>{67DA6AB6-F800-4c08-8B7A-83BB121AAD01}</UniqueIdentifier>
      <Extensions>rc;ico;cur;bmp;dlg;rc2;rct;bin;rgs;gif;jpg;jpeg;jpe;resx;tiff;tif;png;wav;mfcribbon-ms</Extensions>
    </Filter>
    <Filter Include="stdafx">
      <UniqueIdentifier>{48d4e831-7f19-4880-b123-71ffbc3b7c45}</UniqueIdentifier>
    </Filter>
    <Filter Include="Common">
      <UniqueIdentifier>{1f70cc90-1fe7-4f57-8b36-654efc79c6ea}</UniqueIdentifier>
    </Filter>
    <Filter Include="Main">
      <UniqueIdentifier>{668c296c-575c-4fa8-a48c-e245e67a28b7}</UniqueIdentifier>
    </Filter>
    <Filter Include="Common\Net">
      <UniqueIdentifier>{193d009b-4790-4cb1-a9ba-3c93ff811891}</UniqueIdentifier>
    </Filter>
    <Filter Include="Base">
      <UniqueIdentifier>{3c7b709a-244e-4f4e-8909-9c53c432aa5c}</UniqueIdentifier>
    </Filter>
  </ItemGroup>
  <ItemGroup>
    <Text Include="ReadMe.txt" />
  </ItemGroup>
  <ItemGroup>
    <ClInclude Include="stdafx.h">
      <Filter>stdafx</Filter>
    </ClInclude>
    <ClInclude Include="common\Assertx.h">
      <Filter>Common</Filter>
    </ClInclude>
    <ClInclude Include="common\BaseType.h">
      <Filter>Common</Filter>
    </ClInclude>
    <ClInclude Include="common\Log.h">
      <Filter>Common</Filter>
    </ClInclude>
    <ClInclude Include="common\Type.h">
      <Filter>Common</Filter>
    </ClInclude>
    <ClInclude Include="common\Net\FileAPI.h">
      <Filter>Common\Net</Filter>
    </ClInclude>
    <ClInclude Include="common\Net\Packet.h">
      <Filter>Common\Net</Filter>
    </ClInclude>
    <ClInclude Include="common\Net\ServerSocket.h">
      <Filter>Common\Net</Filter>
    </ClInclude>
    <ClInclude Include="common\Net\Socket.h">
      <Filter>Common\Net</Filter>
    </ClInclude>
    <ClInclude Include="common\Net\SocketAPI.h">
      <Filter>Common\Net</Filter>
    </ClInclude>
    <ClInclude Include="common\Net\SocketInputStream.h">
      <Filter>Common\Net</Filter>
    </ClInclude>
    <ClInclude Include="common\Net\SocketOutputStream.h">
      <Filter>Common\Net</Filter>
    </ClInclude>
    <ClInclude Include="common\GameUtil.h">
      <Filter>Common</Filter>
    </ClInclude>
    <ClInclude Include="common\TimeManager.h">
      <Filter>Common</Filter>
    </ClInclude>
    <ClInclude Include="base\Config.h">
      <Filter>Base</Filter>
    </ClInclude>
    <ClInclude Include="common\Ini.h">
      <Filter>Common</Filter>
    </ClInclude>
    <ClInclude Include="common\File.h">
      <Filter>Common</Filter>
    </ClInclude>
    <ClInclude Include="base\FileDef.h">
      <Filter>Base</Filter>
    </ClInclude>
  </ItemGroup>
  <ItemGroup>
    <ClCompile Include="stdafx.cpp">
      <Filter>stdafx</Filter>
    </ClCompile>
    <ClCompile Include="BattleServer.cpp">
      <Filter>Main</Filter>
    </ClCompile>
    <ClCompile Include="common\Assertx.cpp">
      <Filter>Common</Filter>
    </ClCompile>
    <ClCompile Include="common\Log.cpp">
      <Filter>Common</Filter>
    </ClCompile>
    <ClCompile Include="common\Net\FileAPI.cpp">
      <Filter>Common\Net</Filter>
    </ClCompile>
    <ClCompile Include="common\Net\Packet.cpp">
      <Filter>Common\Net</Filter>
    </ClCompile>
    <ClCompile Include="common\Net\ServerSocket.cpp">
      <Filter>Common\Net</Filter>
    </ClCompile>
    <ClCompile Include="common\Net\Socket.cpp">
      <Filter>Common\Net</Filter>
    </ClCompile>
    <ClCompile Include="common\Net\SocketAPI.cpp">
      <Filter>Common\Net</Filter>
    </ClCompile>
    <ClCompile Include="common\Net\SocketInputStream.cpp">
      <Filter>Common\Net</Filter>
    </ClCompile>
    <ClCompile Include="common\Net\SocketOutputStream.cpp">
      <Filter>Common\Net</Filter>
    </ClCompile>
    <ClCompile Include="common\GameUtil.cpp">
      <Filter>Common</Filter>
    </ClCompile>
    <ClCompile Include="common\TimeManager.cpp">
      <Filter>Common</Filter>
    </ClCompile>
    <ClCompile Include="base\Config.cpp">
      <Filter>Base</Filter>
    </ClCompile>
    <ClCompile Include="common\Ini.cpp">
      <Filter>Common</Filter>
    </ClCompile>
    <ClCompile Include="common\File.cpp">
      <Filter>Common</Filter>
    </ClCompile>
  </ItemGroup>
</Project>